
Microsoft Visual Studio Solution File, Format Version 12.00
# Visual Studio Version 17
VisualStudioVersion = 17.11.35208.52
MinimumVisualStudioVersion = 10.0.40219.1
Project("{9A19103F-16F7-4668-BE54-9A1E7A4F7556}") = "ThesaurusLibrary", "ThesaurusLibrary\ThesaurusLibrary.csproj", "{28201F54-E95A-4FBC-9FBD-60E4FCE971A4}"
EndProject
Project("{9A19103F-16F7-4668-BE54-9A1E7A4F7556}") = "ThesaurusWebAPI", "ThesaurusWebAPI\ThesaurusWebAPI.csproj", "{4CBE0447-59EB-4CED-9ED8-EC4F7377BC6E}"
EndProject
Project("{9A19103F-16F7-4668-BE54-9A1E7A4F7556}") = "ThesaurusLibrary.UnitTests", "ThesuarusTests\ThesaurusLibrary.UnitTests.csproj", "{B49C1537-2ECA-4F16-BE70-0CA5E21F26F9}"
EndProject
Project("{FAE04EC0-301F-11D3-BF4B-00C04F79EFBC}") = "ThesaurusWebAPI.IntegrationTests", "ThesaurusWebAPI.IntegrationTests\ThesaurusWebAPI.IntegrationTests.csproj", "{7408A045-15F7-41E4-8C81-6D51D5826FA0}"
EndProject
Project("{FAE04EC0-301F-11D3-BF4B-00C04F79EFBC}") = "LoggingLibrary", "LoggingLibrary\LoggingLibrary.csproj", "{76D515BF-EF4F-4BF1-BDAB-89E69606461F}"
EndProject
Global
	GlobalSection(SolutionConfigurationPlatforms) = preSolution
		Debug|Any CPU = Debug|Any CPU
		Release|Any CPU = Release|Any CPU
	EndGlobalSection
	GlobalSection(ProjectConfigurationPlatforms) = postSolution
		{28201F54-E95A-4FBC-9FBD-60E4FCE971A4}.Debug|Any CPU.ActiveCfg = Debug|Any CPU
		{28201F54-E95A-4FBC-9FBD-60E4FCE971A4}.Debug|Any CPU.Build.0 = Debug|Any CPU
		{28201F54-E95A-4FBC-9FBD-60E4FCE971A4}.Release|Any CPU.ActiveCfg = Release|Any CPU
		{28201F54-E95A-4FBC-9FBD-60E4FCE971A4}.Release|Any CPU.Build.0 = Release|Any CPU
		{4CBE0447-59EB-4CED-9ED8-EC4F7377BC6E}.Debug|Any CPU.ActiveCfg = Debug|Any CPU
		{4CBE0447-59EB-4CED-9ED8-EC4F7377BC6E}.Debug|Any CPU.Build.0 = Debug|Any CPU
		{4CBE0447-59EB-4CED-9ED8-EC4F7377BC6E}.Release|Any CPU.ActiveCfg = Release|Any CPU
		{4CBE0447-59EB-4CED-9ED8-EC4F7377BC6E}.Release|Any CPU.Build.0 = Release|Any CPU
		{B49C1537-2ECA-4F16-BE70-0CA5E21F26F9}.Debug|Any CPU.ActiveCfg = Debug|Any CPU
		{B49C1537-2ECA-4F16-BE70-0CA5E21F26F9}.Debug|Any CPU.Build.0 = Debug|Any CPU
		{B49C1537-2ECA-4F16-BE70-0CA5E21F26F9}.Release|Any CPU.ActiveCfg = Release|Any CPU
		{B49C1537-2ECA-4F16-BE70-0CA5E21F26F9}.Release|Any CPU.Build.0 = Release|Any CPU
		{7408A045-15F7-41E4-8C81-6D51D5826FA0}.Debug|Any CPU.ActiveCfg = Debug|Any CPU
		{7408A045-15F7-41E4-8C81-6D51D5826FA0}.Debug|Any CPU.Build.0 = Debug|Any CPU
		{7408A045-15F7-41E4-8C81-6D51D5826FA0}.Release|Any CPU.ActiveCfg = Release|Any CPU
		{7408A045-15F7-41E4-8C81-6D51D5826FA0}.Release|Any CPU.Build.0 = Release|Any CPU
		{76D515BF-EF4F-4BF1-BDAB-89E69606461F}.Debug|Any CPU.ActiveCfg = Debug|Any CPU
		{76D515BF-EF4F-4BF1-BDAB-89E69606461F}.Debug|Any CPU.Build.0 = Debug|Any CPU
		{76D515BF-EF4F-4BF1-BDAB-89E69606461F}.Release|Any CPU.ActiveCfg = Release|Any CPU
		{76D515BF-EF4F-4BF1-BDAB-89E69606461F}.Release|Any CPU.Build.0 = Release|Any CPU
	EndGlobalSection
	GlobalSection(SolutionProperties) = preSolution
		HideSolutionNode = FALSE
	EndGlobalSection
	GlobalSection(ExtensibilityGlobals) = postSolution
		SolutionGuid = {25FE2CA5-16A7-4969-AD35-8E1305C5A7B5}
	EndGlobalSection
EndGlobal
